
Microsoft Visual Studio Solution File, Format Version 12.00
# Visual Studio 15
VisualStudioVersion = 15.0.26730.12
MinimumVisualStudioVersion = 10.0.40219.1
Project("{FAE04EC0-301F-11D3-BF4B-00C04F79EFBC}") = "Projeto.Web", "Projeto.Web\Projeto.Web.csproj", "{EDBD68D1-4802-43F6-B46B-49277E2813F0}"
EndProject
Global
	GlobalSection(SolutionConfigurationPlatforms) = preSolution
		Debug|Any CPU = Debug|Any CPU
		Release|Any CPU = Release|Any CPU
	EndGlobalSection
	GlobalSection(ProjectConfigurationPlatforms) = postSolution
		{EDBD68D1-4802-43F6-B46B-49277E2813F0}.Debug|Any CPU.ActiveCfg = Debug|Any CPU
		{EDBD68D1-4802-43F6-B46B-49277E2813F0}.Debug|Any CPU.Build.0 = Debug|Any CPU
		{EDBD68D1-4802-43F6-B46B-49277E2813F0}.Release|Any CPU.ActiveCfg = Release|Any CPU
		{EDBD68D1-4802-43F6-B46B-49277E2813F0}.Release|Any CPU.Build.0 = Release|Any CPU
	EndGlobalSection
	GlobalSection(SolutionProperties) = preSolution
		HideSolutionNode = FALSE
	EndGlobalSection
	GlobalSection(ExtensibilityGlobals) = postSolution
		SolutionGuid = {1022C25A-3D34-4C5E-9F77-4B393C6725F4}
	EndGlobalSection
EndGlobal
